
Microsoft Visual Studio Solution File, Format Version 12.00
# Visual Studio 2012
Project("{FAE04EC0-301F-11D3-BF4B-00C04F79EFBC}") = "ZenTestSite", "ZenTestSite\ZenTestSite.csproj", "{F7032D90-31F4-4765-85DD-410A56D7606B}"
EndProject
Global
	GlobalSection(SolutionConfigurationPlatforms) = preSolution
		Debug|Any CPU = Debug|Any CPU
		Release|Any CPU = Release|Any CPU
	EndGlobalSection
	GlobalSection(ProjectConfigurationPlatforms) = postSolution
		{F7032D90-31F4-4765-85DD-410A56D7606B}.Debug|Any CPU.ActiveCfg = Debug|Any CPU
		{F7032D90-31F4-4765-85DD-410A56D7606B}.Debug|Any CPU.Build.0 = Debug|Any CPU
		{F7032D90-31F4-4765-85DD-410A56D7606B}.Release|Any CPU.ActiveCfg = Release|Any CPU
		{F7032D90-31F4-4765-85DD-410A56D7606B}.Release|Any CPU.Build.0 = Release|Any CPU
	EndGlobalSection
EndGlobal
